github.com/logx-go/commons v0.0.5 h1:bav6vnW4wJc+mTGiWZoW0367xGH9QTQOBg4EAFRYgpQ=
github.com/logx-go/commons v0.0.5/go.mod h1:502Z8+1vIbJ7KQcVFhF+2IZeqG8mS0Qdjuz1xR2N6eY=
github.com/logx-go/contract v0.0.3 h1:OTE+OfEua1Oy6F8llpQV3cNlzKjlh/iO9hE3EnJw31U=
github.com/logx-go/contract v0.0.3/go.mod h1:L/PvzT7VCYmBko01BubFTY8Wdodx68nBwVRQiBYZ024=
